
Microsoft Visual Studio Solution File, Format Version 12.00
# Visual Studio 15
VisualStudioVersion = 15.0.27004.2005
MinimumVisualStudioVersion = 10.0.40219.1
Project("{FAE04EC0-301F-11D3-BF4B-00C04F79EFBC}") = "VirtualPiano", "VirtualPiano\VirtualPiano.csproj", "{E9AA7BD7-A7C5-447E-8A69-56E834045531}"
EndProject
Project("{FAE04EC0-301F-11D3-BF4B-00C04F79EFBC}") = "TestProject", "TestProject\TestProject.csproj", "{66065147-248F-4496-B813-D90CFFB737DD}"
EndProject
Project("{FAE04EC0-301F-11D3-BF4B-00C04F79EFBC}") = "EfCodeFirstDemo", "..\..\..\Google Drive\School\Jaar 2\Periode 1\week 7\c#\EfCodeFirstDemo\EfCodeFirstDemo.csproj", "{0498253F-6F87-4194-A847-5593F2D4DA66}"
EndProject
Global
	GlobalSection(SolutionConfigurationPlatforms) = preSolution
		Debug|Any CPU = Debug|Any CPU
		Release|Any CPU = Release|Any CPU
	EndGlobalSection
	GlobalSection(ProjectConfigurationPlatforms) = postSolution
		{E9AA7BD7-A7C5-447E-8A69-56E834045531}.Debug|Any CPU.ActiveCfg = Debug|Any CPU
		{E9AA7BD7-A7C5-447E-8A69-56E834045531}.Debug|Any CPU.Build.0 = Debug|Any CPU
		{E9AA7BD7-A7C5-447E-8A69-56E834045531}.Release|Any CPU.ActiveCfg = Release|Any CPU
		{E9AA7BD7-A7C5-447E-8A69-56E834045531}.Release|Any CPU.Build.0 = Release|Any CPU
		{66065147-248F-4496-B813-D90CFFB737DD}.Debug|Any CPU.ActiveCfg = Debug|Any CPU
		{66065147-248F-4496-B813-D90CFFB737DD}.Debug|Any CPU.Build.0 = Debug|Any CPU
		{66065147-248F-4496-B813-D90CFFB737DD}.Release|Any CPU.ActiveCfg = Release|Any CPU
		{66065147-248F-4496-B813-D90CFFB737DD}.Release|Any CPU.Build.0 = Release|Any CPU
		{0498253F-6F87-4194-A847-5593F2D4DA66}.Debug|Any CPU.ActiveCfg = Debug|Any CPU
		{0498253F-6F87-4194-A847-5593F2D4DA66}.Debug|Any CPU.Build.0 = Debug|Any CPU
		{0498253F-6F87-4194-A847-5593F2D4DA66}.Release|Any CPU.ActiveCfg = Release|Any CPU
		{0498253F-6F87-4194-A847-5593F2D4DA66}.Release|Any CPU.Build.0 = Release|Any CPU
	EndGlobalSection
	GlobalSection(SolutionProperties) = preSolution
		HideSolutionNode = FALSE
	EndGlobalSection
	GlobalSection(ExtensibilityGlobals) = postSolution
		SolutionGuid = {634DCDBB-7D96-46E5-926E-0379B551FD30}
	EndGlobalSection
EndGlobal
